// !$*UTF8*$!
{
	archiveVersion = 1;
	classes = {
	};
	objectVersion = 56;
	objects = {

/* Begin PBXBuildFile section */
		D62BC8AE2B1FBDE700A9BAED /* TallerAppleApp.swift in Sources */ = {isa = PBXBuildFile; fileRef = D62BC8AD2B1FBDE700A9BAED /* TallerAppleApp.swift */; };
		D62BC8B02B1FBDE700A9BAED /* ContentView.swift in Sources */ = {isa = PBXBuildFile; fileRef = D62BC8AF2B1FBDE700A9BAED /* ContentView.swift */; };
		D62BC8B22B1FBDE800A9BAED /* Assets.xcassets in Resources */ = {isa = PBXBuildFile; fileRef = D62BC8B12B1FBDE800A9BAED /* Assets.xcassets */; };
		D62BC8B52B1FBDE800A9BAED /* Preview Assets.xcassets in Resources */ = {isa = PBXBuildFile; fileRef = D62BC8B42B1FBDE800A9BAED /* Preview Assets.xcassets */; };
		D62BC8BF2B1FBDE900A9BAED /* TallerAppleTests.swift in Sources */ = {isa = PBXBuildFile; fileRef = D62BC8BE2B1FBDE900A9BAED /* TallerAppleTests.swift */; };
		D62BC8C92B1FBDE900A9BAED /* TallerAppleUITests.swift in Sources */ = {isa = PBXBuildFile; fileRef = D62BC8C82B1FBDE900A9BAED /* TallerAppleUITests.swift */; };
		D62BC8CB2B1FBDE900A9BAED /* TallerAppleUITestsLaunchTests.swift in Sources */ = {isa = PBXBuildFile; fileRef = D62BC8CA2B1FBDE900A9BAED /* TallerAppleUITestsLaunchTests.swift */; };
		D62BC8D82B1FD7BB00A9BAED /* MovieItemView.swift in Sources */ = {isa = PBXBuildFile; fileRef = D62BC8D72B1FD7BB00A9BAED /* MovieItemView.swift */; };
		D62BC8DA2B1FDD1C00A9BAED /* MovieModel.swift in Sources */ = {isa = PBXBuildFile; fileRef = D62BC8D92B1FDD1C00A9BAED /* MovieModel.swift */; };
		D62BC8DC2B1FDD9A00A9BAED /* MovieViewModel.swift in Sources */ = {isa = PBXBuildFile; fileRef = D62BC8DB2B1FDD9A00A9BAED /* MovieViewModel.swift */; };
		D62BC8DE2B1FE02100A9BAED /* MovieDetailView.swift in Sources */ = {isa = PBXBuildFile; fileRef = D62BC8DD2B1FE02100A9BAED /* MovieDetailView.swift */; };
		D62BC8E02B1FE4B300A9BAED /* View2.swift in Sources */ = {isa = PBXBuildFile; fileRef = D62BC8DF2B1FE4B300A9BAED /* View2.swift */; };
/* End PBXBuildFile section */

/* Begin PBXContainerItemProxy section */
		D62BC8BB2B1FBDE900A9BAED /* PBXContainerItemProxy */ = {
			isa = PBXContainerItemProxy;
			containerPortal = D62BC8A22B1FBDE700A9BAED /* Project object */;
			proxyType = 1;
			remoteGlobalIDString = D62BC8A92B1FBDE700A9BAED;
			remoteInfo = TallerApple;
		};
		D62BC8C52B1FBDE900A9BAED /* PBXContainerItemProxy */ = {
			isa = PBXContainerItemProxy;
			containerPortal = D62BC8A22B1FBDE700A9BAED /* Project object */;
			proxyType = 1;
			remoteGlobalIDString = D62BC8A92B1FBDE700A9BAED;
			remoteInfo = TallerApple;
		};
/* End PBXContainerItemProxy section */

/* Begin PBXFileReference section */
		D62BC8AA2B1FBDE700A9BAED /* TallerApple.app */ = {isa = PBXFileReference; explicitFileType = wrapper.application; includeInIndex = 0; path = TallerApple.app; sourceTree = BUILT_PRODUCTS_DIR; };
		D62BC8AD2B1FBDE700A9BAED /* TallerAppleApp.swift */ = {isa = PBXFileReference; lastKnownFileType = sourcecode.swift; path = TallerAppleApp.swift; sourceTree = "<group>"; };
		D62BC8AF2B1FBDE700A9BAED /* ContentView.swift */ = {isa = PBXFileReference; lastKnownFileType = sourcecode.swift; path = ContentView.swift; sourceTree = "<group>"; };
		D62BC8B12B1FBDE800A9BAED /* Assets.xcassets */ = {isa = PBXFileReference; lastKnownFileType = folder.assetcatalog; path = Assets.xcassets; sourceTree = "<group>"; };
		D62BC8B42B1FBDE800A9BAED /* Preview Assets.xcassets */ = {isa = PBXFileReference; lastKnownFileType = folder.assetcatalog; path = "Preview Assets.xcassets"; sourceTree = "<group>"; };
		D62BC8BA2B1FBDE900A9BAED /* TallerAppleTests.xctest */ = {isa = PBXFileReference; explicitFileType = wrapper.cfbundle; includeInIndex = 0; path = TallerAppleTests.xctest; sourceTree = BUILT_PRODUCTS_DIR; };
		D62BC8BE2B1FBDE900A9BAED /* TallerAppleTests.swift */ = {isa = PBXFileReference; lastKnownFileType = sourcecode.swift; path = TallerAppleTests.swift; sourceTree = "<group>"; };
		D62BC8C42B1FBDE900A9BAED /* TallerAppleUITests.xctest */ = {isa = PBXFileReference; explicitFileType = wrapper.cfbundle; includeInIndex = 0; path = TallerAppleUITests.xctest; sourceTree = BUILT_PRODUCTS_DIR; };
		D62BC8C82B1FBDE900A9BAED /* TallerAppleUITests.swift */ = {isa = PBXFileReference; lastKnownFileType = sourcecode.swift; path = TallerAppleUITests.swift; sourceTree = "<group>"; };
		D62BC8CA2B1FBDE900A9BAED /* TallerAppleUITestsLaunchTests.swift */ = {isa = PBXFileReference; lastKnownFileType = sourcecode.swift; path = TallerAppleUITestsLaunchTests.swift; sourceTree = "<group>"; };
		D62BC8D72B1FD7BB00A9BAED /* MovieItemView.swift */ = {isa = PBXFileReference; lastKnownFileType = sourcecode.swift; path = MovieItemView.swift; sourceTree = "<group>"; };
		D62BC8D92B1FDD1C00A9BAED /* MovieModel.swift */ = {isa = PBXFileReference; lastKnownFileType = sourcecode.swift; path = MovieModel.swift; sourceTree = "<group>"; };
		D62BC8DB2B1FDD9A00A9BAED /* MovieViewModel.swift */ = {isa = PBXFileReference; lastKnownFileType = sourcecode.swift; path = MovieViewModel.swift; sourceTree = "<group>"; };
		D62BC8DD2B1FE02100A9BAED /* MovieDetailView.swift */ = {isa = PBXFileReference; lastKnownFileType = sourcecode.swift; path = MovieDetailView.swift; sourceTree = "<group>"; };
		D62BC8DF2B1FE4B300A9BAED /* View2.swift */ = {isa = PBXFileReference; lastKnownFileType = sourcecode.swift; path = View2.swift; sourceTree = "<group>"; };
/* End PBXFileReference section */

/* Begin PBXFrameworksBuildPhase section */
		D62BC8A72B1FBDE700A9BAED /* Frameworks */ = {
			isa = PBXFrameworksBuildPhase;
			buildActionMask = 2147483647;
			files = (
			);
			runOnlyForDeploymentPostprocessing = 0;
		};
		D62BC8B72B1FBDE900A9BAED /* Frameworks */ = {
			isa = PBXFrameworksBuildPhase;
			buildActionMask = 2147483647;
			files = (
			);
			runOnlyForDeploymentPostprocessing = 0;
		};
		D62BC8C12B1FBDE900A9BAED /* Frameworks */ = {
			isa = PBXFrameworksBuildPhase;
			buildActionMask = 2147483647;
			files = (
			);
			runOnlyForDeploymentPostprocessing = 0;
		};
/* End PBXFrameworksBuildPhase section */

/* Begin PBXGroup section */
		D62BC8A12B1FBDE700A9BAED = {
			isa = PBXGroup;
			children = (
				D62BC8AC2B1FBDE700A9BAED /* TallerApple */,
				D62BC8BD2B1FBDE900A9BAED /* TallerAppleTests */,
				D62BC8C72B1FBDE900A9BAED /* TallerAppleUITests */,
				D62BC8AB2B1FBDE700A9BAED /* Products */,
			);
			sourceTree = "<group>";
		};
		D62BC8AB2B1FBDE700A9BAED /* Products */ = {
			isa = PBXGroup;
			children = (
				D62BC8AA2B1FBDE700A9BAED /* TallerApple.app */,
				D62BC8BA2B1FBDE900A9BAED /* TallerAppleTests.xctest */,
				D62BC8C42B1FBDE900A9BAED /* TallerAppleUITests.xctest */,
			);
			name = Products;
			sourceTree = "<group>";
		};
		D62BC8AC2B1FBDE700A9BAED /* TallerApple */ = {
			isa = PBXGroup;
			children = (
				D62BC8AD2B1FBDE700A9BAED /* TallerAppleApp.swift */,
				D62BC8DF2B1FE4B300A9BAED /* View2.swift */,
				D62BC8AF2B1FBDE700A9BAED /* ContentView.swift */,
				D62BC8DD2B1FE02100A9BAED /* MovieDetailView.swift */,
				D62BC8D92B1FDD1C00A9BAED /* MovieModel.swift */,
				D62BC8DB2B1FDD9A00A9BAED /* MovieViewModel.swift */,
				D62BC8D72B1FD7BB00A9BAED /* MovieItemView.swift */,
				D62BC8B12B1FBDE800A9BAED /* Assets.xcassets */,
				D62BC8B32B1FBDE800A9BAED /* Preview Content */,
			);
			path = TallerApple;
			sourceTree = "<group>";
		};
		D62BC8B32B1FBDE800A9BAED /* Preview Content */ = {
			isa = PBXGroup;
			children = (
				D62BC8B42B1FBDE800A9BAED /* Preview Assets.xcassets */,
			);
			path = "Preview Content";
			sourceTree = "<group>";
		};
		D62BC8BD2B1FBDE900A9BAED /* TallerAppleTests */ = {
			isa = PBXGroup;
			children = (
				D62BC8BE2B1FBDE900A9BAED /* TallerAppleTests.swift */,
			);
			path = TallerAppleTests;
			sourceTree = "<group>";
		};
		D62BC8C72B1FBDE900A9BAED /* TallerAppleUITests */ = {
			isa = PBXGroup;
			children = (
				D62BC8C82B1FBDE900A9BAED /* TallerAppleUITests.swift */,
				D62BC8CA2B1FBDE900A9BAED /* TallerAppleUITestsLaunchTests.swift */,
			);
			path = TallerAppleUITests;
			sourceTree = "<group>";
		};
/* End PBXGroup section */

/* Begin PBXNativeTarget section */
		D62BC8A92B1FBDE700A9BAED /* TallerApple */ = {
			isa = PBXNativeTarget;
			buildConfigurationList = D62BC8CE2B1FBDE900A9BAED /* Build configuration list for PBXNativeTarget "TallerApple" */;
			buildPhases = (
				D62BC8A62B1FBDE700A9BAED /* Sources */,
				D62BC8A72B1FBDE700A9BAED /* Frameworks */,
				D62BC8A82B1FBDE700A9BAED /* Resources */,
			);
			buildRules = (
			);
			dependencies = (
			);
			name = TallerApple;
			productName = TallerApple;
			productReference = D62BC8AA2B1FBDE700A9BAED /* TallerApple.app */;
			productType = "com.apple.product-type.application";
		};
		D62BC8B92B1FBDE900A9BAED /* TallerAppleTests */ = {
			isa = PBXNativeTarget;
			buildConfigurationList = D62BC8D12B1FBDE900A9BAED /* Build configuration list for PBXNativeTarget "TallerAppleTests" */;
			buildPhases = (
				D62BC8B62B1FBDE900A9BAED /* Sources */,
				D62BC8B72B1FBDE900A9BAED /* Frameworks */,
				D62BC8B82B1FBDE900A9BAED /* Resources */,
			);
			buildRules = (
			);
			dependencies = (
				D62BC8BC2B1FBDE900A9BAED /* PBXTargetDependency */,
			);
			name = TallerAppleTests;
			productName = TallerAppleTests;
			productReference = D62BC8BA2B1FBDE900A9BAED /* TallerAppleTests.xctest */;
			productType = "com.apple.product-type.bundle.unit-test";
		};
		D62BC8C32B1FBDE900A9BAED /* TallerAppleUITests */ = {
			isa = PBXNativeTarget;
			buildConfigurationList = D62BC8D42B1FBDE900A9BAED /* Build configuration list for PBXNativeTarget "TallerAppleUITests" */;
			buildPhases = (
				D62BC8C02B1FBDE900A9BAED /* Sources */,
				D62BC8C12B1FBDE900A9BAED /* Frameworks */,
				D62BC8C22B1FBDE900A9BAED /* Resources */,
			);
			buildRules = (
			);
			dependencies = (
				D62BC8C62B1FBDE900A9BAED /* PBXTargetDependency */,
			);
			name = TallerAppleUITests;
			productName = TallerAppleUITests;
			productReference = D62BC8C42B1FBDE900A9BAED /* TallerAppleUITests.xctest */;
			productType = "com.apple.product-type.bundle.ui-testing";
		};
/* End PBXNativeTarget section */

/* Begin PBXProject section */
		D62BC8A22B1FBDE700A9BAED /* Project object */ = {
			isa = PBXProject;
			attributes = {
				BuildIndependentTargetsInParallel = 1;
				LastSwiftUpdateCheck = 1500;
				LastUpgradeCheck = 1500;
				TargetAttributes = {
					D62BC8A92B1FBDE700A9BAED = {
						CreatedOnToolsVersion = 15.0;
					};
					D62BC8B92B1FBDE900A9BAED = {
						CreatedOnToolsVersion = 15.0;
						TestTargetID = D62BC8A92B1FBDE700A9BAED;
					};
					D62BC8C32B1FBDE900A9BAED = {
						CreatedOnToolsVersion = 15.0;
						TestTargetID = D62BC8A92B1FBDE700A9BAED;
					};
				};
			};
			buildConfigurationList = D62BC8A52B1FBDE700A9BAED /* Build configuration list for PBXProject "TallerApple" */;
			compatibilityVersion = "Xcode 14.0";
			developmentRegion = en;
			hasScannedForEncodings = 0;
			knownRegions = (
				en,
				Base,
			);
			mainGroup = D62BC8A12B1FBDE700A9BAED;
			productRefGroup = D62BC8AB2B1FBDE700A9BAED /* Products */;
			projectDirPath = "";
			projectRoot = "";
			targets = (
				D62BC8A92B1FBDE700A9BAED /* TallerApple */,
				D62BC8B92B1FBDE900A9BAED /* TallerAppleTests */,
				D62BC8C32B1FBDE900A9BAED /* TallerAppleUITests */,
			);
		};
/* End PBXProject section */

/* Begin PBXResourcesBuildPhase section */
		D62BC8A82B1FBDE700A9BAED /* Resources */ = {
			isa = PBXResourcesBuildPhase;
			buildActionMask = 2147483647;
			files = (
				D62BC8B52B1FBDE800A9BAED /* Preview Assets.xcassets in Resources */,
				D62BC8B22B1FBDE800A9BAED /* Assets.xcassets in Resources */,
			);
			runOnlyForDeploymentPostprocessing = 0;
		};
		D62BC8B82B1FBDE900A9BAED /* Resources */ = {
			isa = PBXResourcesBuildPhase;
			buildActionMask = 2147483647;
			files = (
			);
			runOnlyForDeploymentPostprocessing = 0;
		};
		D62BC8C22B1FBDE900A9BAED /* Resources */ = {
			isa = PBXResourcesBuildPhase;
			buildActionMask = 2147483647;
			files = (
			);
			runOnlyForDeploymentPostprocessing = 0;
		};
/* End PBXResourcesBuildPhase section */

/* Begin PBXSourcesBuildPhase section */
		D62BC8A62B1FBDE700A9BAED /* Sources */ = {
			isa = PBXSourcesBuildPhase;
			buildActionMask = 2147483647;
			files = (
				D62BC8DE2B1FE02100A9BAED /* MovieDetailView.swift in Sources */,
				D62BC8B02B1FBDE700A9BAED /* ContentView.swift in Sources */,
				D62BC8D82B1FD7BB00A9BAED /* MovieItemView.swift in Sources */,
				D62BC8DA2B1FDD1C00A9BAED /* MovieModel.swift in Sources */,
				D62BC8E02B1FE4B300A9BAED /* View2.swift in Sources */,
				D62BC8DC2B1FDD9A00A9BAED /* MovieViewModel.swift in Sources */,
				D62BC8AE2B1FBDE700A9BAED /* TallerAppleApp.swift in Sources */,
			);
			runOnlyForDeploymentPostprocessing = 0;
		};
		D62BC8B62B1FBDE900A9BAED /* Sources */ = {
			isa = PBXSourcesBuildPhase;
			buildActionMask = 2147483647;
			files = (
				D62BC8BF2B1FBDE900A9BAED /* TallerAppleTests.swift in Sources */,
			);
			runOnlyForDeploymentPostprocessing = 0;
		};
		D62BC8C02B1FBDE900A9BAED /* Sources */ = {
			isa = PBXSourcesBuildPhase;
			buildActionMask = 2147483647;
			files = (
				D62BC8C92B1FBDE900A9BAED /* TallerAppleUITests.swift in Sources */,
				D62BC8CB2B1FBDE900A9BAED /* TallerAppleUITestsLaunchTests.swift in Sources */,
			);
			runOnlyForDeploymentPostprocessing = 0;
		};
/* End PBXSourcesBuildPhase section */

/* Begin PBXTargetDependency section */
		D62BC8BC2B1FBDE900A9BAED /* PBXTargetDependency */ = {
			isa = PBXTargetDependency;
			target = D62BC8A92B1FBDE700A9BAED /* TallerApple */;
			targetProxy = D62BC8BB2B1FBDE900A9BAED /* PBXContainerItemProxy */;
		};
		D62BC8C62B1FBDE900A9BAED /* PBXTargetDependency */ = {
			isa = PBXTargetDependency;
			target = D62BC8A92B1FBDE700A9BAED /* TallerApple */;
			targetProxy = D62BC8C52B1FBDE900A9BAED /* PBXContainerItemProxy */;
		};
/* End PBXTargetDependency section */

/* Begin XCBuildConfiguration section */
		D62BC8CC2B1FBDE900A9BAED /* Debug */ = {
			isa = XCBuildConfiguration;
			buildSettings = {
				ALWAYS_SEARCH_USER_PATHS = NO;
				ASSETCATALOG_COMPILER_GENERATE_SWIFT_ASSET_SYMBOL_EXTENSIONS = YES;
				CLANG_ANALYZER_NONNULL = YES;
				CLANG_ANALYZER_NUMBER_OBJECT_CONVERSION = YES_AGGRESSIVE;
				CLANG_CXX_LANGUAGE_STANDARD = "gnu++20";
				CLANG_ENABLE_MODULES = YES;
				CLANG_ENABLE_OBJC_ARC = YES;
				CLANG_ENABLE_OBJC_WEAK = YES;
				CLANG_WARN_BLOCK_CAPTURE_AUTORELEASING = YES;
				CLANG_WARN_BOOL_CONVERSION = YES;
				CLANG_WARN_COMMA = YES;
				CLANG_WARN_CONSTANT_CONVERSION = YES;
				CLANG_WARN_DEPRECATED_OBJC_IMPLEMENTATIONS = YES;
				CLANG_WARN_DIRECT_OBJC_ISA_USAGE = YES_ERROR;
				CLANG_WARN_DOCUMENTATION_COMMENTS = YES;
				CLANG_WARN_EMPTY_BODY = YES;
				CLANG_WARN_ENUM_CONVERSION = YES;
				CLANG_WARN_INFINITE_RECURSION = YES;
				CLANG_WARN_INT_CONVERSION = YES;
				CLANG_WARN_NON_LITERAL_NULL_CONVERSION = YES;
				CLANG_WARN_OBJC_IMPLICIT_RETAIN_SELF = YES;
				CLANG_WARN_OBJC_LITERAL_CONVERSION = YES;
				CLANG_WARN_OBJC_ROOT_CLASS = YES_ERROR;
				CLANG_WARN_QUOTED_INCLUDE_IN_FRAMEWORK_HEADER = YES;
				CLANG_WARN_RANGE_LOOP_ANALYSIS = YES;
				CLANG_WARN_STRICT_PROTOTYPES = YES;
				CLANG_WARN_SUSPICIOUS_MOVE = YES;
				CLANG_WARN_UNGUARDED_AVAILABILITY = YES_AGGRESSIVE;
				CLANG_WARN_UNREACHABLE_CODE = YES;
				CLANG_WARN__DUPLICATE_METHOD_MATCH = YES;
				COPY_PHASE_STRIP = NO;
				DEBUG_INFORMATION_FORMAT = dwarf;
				ENABLE_STRICT_OBJC_MSGSEND = YES;
				ENABLE_TESTABILITY = YES;
				ENABLE_USER_SCRIPT_SANDBOXING = YES;
				GCC_C_LANGUAGE_STANDARD = gnu17;
				GCC_DYNAMIC_NO_PIC = NO;
				GCC_NO_COMMON_BLOCKS = YES;
				GCC_OPTIMIZATION_LEVEL = 0;
				GCC_PREPROCESSOR_DEFINITIONS = (
					"DEBUG=1",
					"$(inherited)",
				);
				GCC_WARN_64_TO_32_BIT_CONVERSION = YES;
				GCC_WARN_ABOUT_RETURN_TYPE = YES_ERROR;
				GCC_WARN_UNDECLARED_SELECTOR = YES;
				GCC_WARN_UNINITIALIZED_AUTOS = YES_AGGRESSIVE;
				GCC_WARN_UNUSED_FUNCTION = YES;
				GCC_WARN_UNUSED_VARIABLE = YES;
				IPHONEOS_DEPLOYMENT_TARGET = 17.0;
				LOCALIZATION_PREFERS_STRING_CATALOGS = YES;
				MTL_ENABLE_DEBUG_INFO = INCLUDE_SOURCE;
				MTL_FAST_MATH = YES;
				ONLY_ACTIVE_ARCH = YES;
				SDKROOT = iphoneos;
				SWIFT_ACTIVE_COMPILATION_CONDITIONS = "DEBUG $(inherited)";
				SWIFT_OPTIMIZATION_LEVEL = "-Onone";
			};
			name = Debug;
		};
		D62BC8CD2B1FBDE900A9BAED /* Release */ = {
			isa = XCBuildConfiguration;
			buildSettings = {
				ALWAYS_SEARCH_USER_PATHS = NO;
				ASSETCATALOG_COMPILER_GENERATE_SWIFT_ASSET_SYMBOL_EXTENSIONS = YES;
				CLANG_ANALYZER_NONNULL = YES;
				CLANG_ANALYZER_NUMBER_OBJECT_CONVERSION = YES_AGGRESSIVE;
				CLANG_CXX_LANGUAGE_STANDARD = "gnu++20";
				CLANG_ENABLE_MODULES = YES;
				CLANG_ENABLE_OBJC_ARC = YES;
				CLANG_ENABLE_OBJC_WEAK = YES;
				CLANG_WARN_BLOCK_CAPTURE_AUTORELEASING = YES;
				CLANG_WARN_BOOL_CONVERSION = YES;
				CLANG_WARN_COMMA = YES;
				CLANG_WARN_CONSTANT_CONVERSION = YES;
				CLANG_WARN_DEPRECATED_OBJC_IMPLEMENTATIONS = YES;
				CLANG_WARN_DIRECT_OBJC_ISA_USAGE = YES_ERROR;
				CLANG_WARN_DOCUMENTATION_COMMENTS = YES;
				CLANG_WARN_EMPTY_BODY = YES;
				CLANG_WARN_ENUM_CONVERSION = YES;
				CLANG_WARN_INFINITE_RECURSION = YES;
				CLANG_WARN_INT_CONVERSION = YES;
				CLANG_WARN_NON_LITERAL_NULL_CONVERSION = YES;
				CLANG_WARN_OBJC_IMPLICIT_RETAIN_SELF = YES;
				CLANG_WARN_OBJC_LITERAL_CONVERSION = YES;
				CLANG_WARN_OBJC_ROOT_CLASS = YES_ERROR;
				CLANG_WARN_QUOTED_INCLUDE_IN_FRAMEWORK_HEADER = YES;
				CLANG_WARN_RANGE_LOOP_ANALYSIS = YES;
				CLANG_WARN_STRICT_PROTOTYPES = YES;
				CLANG_WARN_SUSPICIOUS_MOVE = YES;
				CLANG_WARN_UNGUARDED_AVAILABILITY = YES_AGGRESSIVE;
				CLANG_WARN_UNREACHABLE_CODE = YES;
				CLANG_WARN__DUPLICATE_METHOD_MATCH = YES;
				COPY_PHASE_STRIP = NO;
				DEBUG_INFORMATION_FORMAT = "dwarf-with-dsym";
				ENABLE_NS_ASSERTIONS = NO;
				ENABLE_STRICT_OBJC_MSGSEND = YES;
				ENABLE_USER_SCRIPT_SANDBOXING = YES;
				GCC_C_LANGUAGE_STANDARD = gnu17;
				GCC_NO_COMMON_BLOCKS = YES;
				GCC_WARN_64_TO_32_BIT_CONVERSION = YES;
				GCC_WARN_ABOUT_RETURN_TYPE = YES_ERROR;
				GCC_WARN_UNDECLARED_SELECTOR = YES;
				GCC_WARN_UNINITIALIZED_AUTOS = YES_AGGRESSIVE;
				GCC_WARN_UNUSED_FUNCTION = YES;
				GCC_WARN_UNUSED_VARIABLE = YES;
				IPHONEOS_DEPLOYMENT_TARGET = 17.0;
				LOCALIZATION_PREFERS_STRING_CATALOGS = YES;
				MTL_ENABLE_DEBUG_INFO = NO;
				MTL_FAST_MATH = YES;
				SDKROOT = iphoneos;
				SWIFT_COMPILATION_MODE = wholemodule;
				VALIDATE_PRODUCT = YES;
			};
			name = Release;
		};
		D62BC8CF2B1FBDE900A9BAED /* Debug */ = {
			isa = XCBuildConfiguration;
			buildSettings = {
				ASSETCATALOG_COMPILER_APPICON_NAME = AppIcon;
				ASSETCATALOG_COMPILER_GLOBAL_ACCENT_COLOR_NAME = AccentColor;
				CODE_SIGN_STYLE = Automatic;
				CURRENT_PROJECT_VERSION = 1;
				DEVELOPMENT_ASSET_PATHS = "\"TallerApple/Preview Content\"";
				DEVELOPMENT_TEAM = SK7ARR4XT3;
				ENABLE_PREVIEWS = YES;
				GENERATE_INFOPLIST_FILE = YES;
				INFOPLIST_KEY_UIApplicationSceneManifest_Generation = YES;
				INFOPLIST_KEY_UIApplicationSupportsIndirectInputEvents = YES;
				INFOPLIST_KEY_UILaunchScreen_Generation = YES;
				INFOPLIST_KEY_UISupportedInterfaceOrientations_iPad = "UIInterfaceOrientationPortrait UIInterfaceOrientationPortraitUpsideDown UIInterfaceOrientationLandscapeLeft UIInterfaceOrientationLandscapeRight";
				INFOPLIST_KEY_UISupportedInterfaceOrientations_iPhone = "UIInterfaceOrientationPortrait UIInterfaceOrientationLandscapeLeft UIInterfaceOrientationLandscapeRight";
				LD_RUNPATH_SEARCH_PATHS = (
					"$(inherited)",
					"@executable_path/Frameworks",
				);
				MARKETING_VERSION = 1.0;
				PRODUCT_BUNDLE_IDENTIFIER = com.itesm.TallerApple;
				PRODUCT_NAME = "$(TARGET_NAME)";
				SWIFT_EMIT_LOC_STRINGS = YES;
				SWIFT_VERSION = 5.0;
				TARGETED_DEVICE_FAMILY = "1,2";
			};
			name = Debug;
		};
		D62BC8D02B1FBDE900A9BAED /* Release */ = {
			isa = XCBuildConfiguration;
			buildSettings = {
				ASSETCATALOG_COMPILER_APPICON_NAME = AppIcon;
				ASSETCATALOG_COMPILER_GLOBAL_ACCENT_COLOR_NAME = AccentColor;
				CODE_SIGN_STYLE = Automatic;
				CURRENT_PROJECT_VERSION = 1;
				DEVELOPMENT_ASSET_PATHS = "\"TallerApple/Preview Content\"";
				DEVELOPMENT_TEAM = SK7ARR4XT3;
				ENABLE_PREVIEWS = YES;
				GENERATE_INFOPLIST_FILE = YES;
				INFOPLIST_KEY_UIApplicationSceneManifest_Generation = YES;
				INFOPLIST_KEY_UIApplicationSupportsIndirectInputEvents = YES;
				INFOPLIST_KEY_UILaunchScreen_Generation = YES;
				INFOPLIST_KEY_UISupportedInterfaceOrientations_iPad = "UIInterfaceOrientationPortrait UIInterfaceOrientationPortraitUpsideDown UIInterfaceOrientationLandscapeLeft UIInterfaceOrientationLandscapeRight";
				INFOPLIST_KEY_UISupportedInterfaceOrientations_iPhone = "UIInterfaceOrientationPortrait UIInterfaceOrientationLandscapeLeft UIInterfaceOrientationLandscapeRight";
				LD_RUNPATH_SEARCH_PATHS = (
					"$(inherited)",
					"@executable_path/Frameworks",
				);
				MARKETING_VERSION = 1.0;
				PRODUCT_BUNDLE_IDENTIFIER = com.itesm.TallerApple;
				PRODUCT_NAME = "$(TARGET_NAME)";
				SWIFT_EMIT_LOC_STRINGS = YES;
				SWIFT_VERSION = 5.0;
				TARGETED_DEVICE_FAMILY = "1,2";
			};
			name = Release;
		};
		D62BC8D22B1FBDE900A9BAED /* Debug */ = {
			isa = XCBuildConfiguration;
			buildSettings = {
				ALWAYS_EMBED_SWIFT_STANDARD_LIBRARIES = YES;
				BUNDLE_LOADER = "$(TEST_HOST)";
				CODE_SIGN_STYLE = Automatic;
				CURRENT_PROJECT_VERSION = 1;
				DEVELOPMENT_TEAM = SK7ARR4XT3;
				GENERATE_INFOPLIST_FILE = YES;
				IPHONEOS_DEPLOYMENT_TARGET = 17.0;
				MARKETING_VERSION = 1.0;
				PRODUCT_BUNDLE_IDENTIFIER = com.itesm.TallerAppleTests;
				PRODUCT_NAME = "$(TARGET_NAME)";
				SWIFT_EMIT_LOC_STRINGS = NO;
				SWIFT_VERSION = 5.0;
				TARGETED_DEVICE_FAMILY = "1,2";
				TEST_HOST = "$(BUILT_PRODUCTS_DIR)/TallerApple.app/$(BUNDLE_EXECUTABLE_FOLDER_PATH)/TallerApple";
			};
			name = Debug;
		};
		D62BC8D32B1FBDE900A9BAED /* Release */ = {
			isa = XCBuildConfiguration;
			buildSettings = {
				ALWAYS_EMBED_SWIFT_STANDARD_LIBRARIES = YES;
				BUNDLE_LOADER = "$(TEST_HOST)";
				CODE_SIGN_STYLE = Automatic;
				CURRENT_PROJECT_VERSION = 1;
				DEVELOPMENT_TEAM = SK7ARR4XT3;
				GENERATE_INFOPLIST_FILE = YES;
				IPHONEOS_DEPLOYMENT_TARGET = 17.0;
				MARKETING_VERSION = 1.0;
				PRODUCT_BUNDLE_IDENTIFIER = com.itesm.TallerAppleTests;
				PRODUCT_NAME = "$(TARGET_NAME)";
				SWIFT_EMIT_LOC_STRINGS = NO;
				SWIFT_VERSION = 5.0;
				TARGETED_DEVICE_FAMILY = "1,2";
				TEST_HOST = "$(BUILT_PRODUCTS_DIR)/TallerApple.app/$(BUNDLE_EXECUTABLE_FOLDER_PATH)/TallerApple";
			};
			name = Release;
		};
		D62BC8D52B1FBDE900A9BAED /* Debug */ = {
			isa = XCBuildConfiguration;
			buildSettings = {
				ALWAYS_EMBED_SWIFT_STANDARD_LIBRARIES = YES;
				CODE_SIGN_STYLE = Automatic;
				CURRENT_PROJECT_VERSION = 1;
				DEVELOPMENT_TEAM = SK7ARR4XT3;
				GENERATE_INFOPLIST_FILE = YES;
				MARKETING_VERSION = 1.0;
				PRODUCT_BUNDLE_IDENTIFIER = com.itesm.TallerAppleUITests;
				PRODUCT_NAME = "$(TARGET_NAME)";
				SWIFT_EMIT_LOC_STRINGS = NO;
				SWIFT_VERSION = 5.0;
				TARGETED_DEVICE_FAMILY = "1,2";
				TEST_TARGET_NAME = TallerApple;
			};
			name = Debug;
		};
		D62BC8D62B1FBDE900A9BAED /* Release */ = {
			isa = XCBuildConfiguration;
			buildSettings = {
				ALWAYS_EMBED_SWIFT_STANDARD_LIBRARIES = YES;
				CODE_SIGN_STYLE = Automatic;
				CURRENT_PROJECT_VERSION = 1;
				DEVELOPMENT_TEAM = SK7ARR4XT3;
				GENERATE_INFOPLIST_FILE = YES;
				MARKETING_VERSION = 1.0;
				PRODUCT_BUNDLE_IDENTIFIER = com.itesm.TallerAppleUITests;
				PRODUCT_NAME = "$(TARGET_NAME)";
				SWIFT_EMIT_LOC_STRINGS = NO;
				SWIFT_VERSION = 5.0;
				TARGETED_DEVICE_FAMILY = "1,2";
				TEST_TARGET_NAME = TallerApple;
			};
			name = Release;
		};
/* End XCBuildConfiguration section */

/* Begin XCConfigurationList section */
		D62BC8A52B1FBDE700A9BAED /* Build configuration list for PBXProject "TallerApple" */ = {
			isa = XCConfigurationList;
			buildConfigurations = (
				D62BC8CC2B1FBDE900A9BAED /* Debug */,
				D62BC8CD2B1FBDE900A9BAED /* Release */,
			);
			defaultConfigurationIsVisible = 0;
			defaultConfigurationName = Release;
		};
		D62BC8CE2B1FBDE900A9BAED /* Build configuration list for PBXNativeTarget "TallerApple" */ = {
			isa = XCConfigurationList;
			buildConfigurations = (
				D62BC8CF2B1FBDE900A9BAED /* Debug */,
				D62BC8D02B1FBDE900A9BAED /* Release */,
			);
			defaultConfigurationIsVisible = 0;
			defaultConfigurationName = Release;
		};
		D62BC8D12B1FBDE900A9BAED /* Build configuration list for PBXNativeTarget "TallerAppleTests" */ = {
			isa = XCConfigurationList;
			buildConfigurations = (
				D62BC8D22B1FBDE900A9BAED /* Debug */,
				D62BC8D32B1FBDE900A9BAED /* Release */,
			);
			defaultConfigurationIsVisible = 0;
			defaultConfigurationName = Release;
		};
		D62BC8D42B1FBDE900A9BAED /* Build configuration list for PBXNativeTarget "TallerAppleUITests" */ = {
			isa = XCConfigurationList;
			buildConfigurations = (
				D62BC8D52B1FBDE900A9BAED /* Debug */,
				D62BC8D62B1FBDE900A9BAED /* Release */,
			);
			defaultConfigurationIsVisible = 0;
			defaultConfigurationName = Release;
		};
/* End XCConfigurationList section */
	};
	rootObject = D62BC8A22B1FBDE700A9BAED /* Project object */;
}
